PODS:
  - AIFlatSwitch (1.0.7)
  - AppAuth (1.4.0):
    - AppAuth/Core (= 1.4.0)
    - AppAuth/ExternalUserAgent (= 1.4.0)
  - AppAuth/Core (1.4.0)
  - AppAuth/ExternalUserAgent (1.4.0)
  - collection-view-layouts/Core (0.2.2)
  - collection-view-layouts/InstagramLayout (0.2.2):
    - collection-view-layouts/Core
  - CollectionPickerView (0.1.3)
  - Cosmos (23.0.0)
  - DynamicBlurView (4.1.0)
  - EMPageViewController (4.0.0)
  - ExpyTableView (1.2.1)
  - FBSDKCoreKit (9.0.1):
    - FBSDKCoreKit/Basics (= 9.0.1)
    - FBSDKCoreKit/Core (= 9.0.1)
  - FBSDKCoreKit/Basics (9.0.1)
  - FBSDKCoreKit/Core (9.0.1):
    - FBSDKCoreKit/Basics
  - FBSDKLoginKit (9.0.1):
    - FBSDKLoginKit/Login (= 9.0.1)
  - FBSDKLoginKit/Login (9.0.1):
    - FBSDKCoreKit (~> 9.0.1)
  - Firebase/Analytics (6.34.0):
    - Firebase/Core
  - Firebase/Auth (6.34.0):
    - Firebase/CoreOnly
    - FirebaseAuth (~> 6.9.2)
  - Firebase/Core (6.34.0):
    - Firebase/CoreOnly
    - FirebaseAnalytics (= 6.9.0)
  - Firebase/CoreOnly (6.34.0):
    - FirebaseCore (= 6.10.4)
  - Firebase/Database (6.34.0):
    - Firebase/CoreOnly
    - FirebaseDatabase (~> 6.6.0)
  - Firebase/Messaging (6.34.0):
    - Firebase/CoreOnly
    - FirebaseMessaging (~> 4.7.1)
  - FirebaseAnalytics (6.9.0):
    - FirebaseCore (~> 6.10)
    - FirebaseInstallations (~> 1.7)
    - GoogleAppMeasurement (= 6.9.0)
    - GoogleUtilities/AppDelegateSwizzler (~> 6.7)
    - GoogleUtilities/MethodSwizzler (~> 6.7)
    - GoogleUtilities/Network (~> 6.7)
    - "GoogleUtilities/NSData+zlib (~> 6.7)"
    - nanopb (~> 1.30906.0)
  - FirebaseAuth (6.9.2):
    - FirebaseCore (~> 6.10)
    - GoogleUtilities/AppDelegateSwizzler (~> 6.7)
    - GoogleUtilities/Environment (~> 6.7)
    - GTMSessionFetcher/Core (~> 1.1)
  - FirebaseCore (6.10.4):
    - FirebaseCoreDiagnostics (~> 1.6)
    - GoogleUtilities/Environment (~> 6.7)
    - GoogleUtilities/Logger (~> 6.7)
  - FirebaseCoreDiagnostics (1.7.0):
    - GoogleDataTransport (~> 7.4)
    - GoogleUtilities/Environment (~> 6.7)
    - GoogleUtilities/Logger (~> 6.7)
    - nanopb (~> 1.30906.0)
  - FirebaseDatabase (6.6.0):
    - FirebaseCore (~> 6.10)
    - leveldb-library (~> 1.22)
  - FirebaseInstallations (1.7.0):
    - FirebaseCore (~> 6.10)
    - GoogleUtilities/Environment (~> 6.7)
    - GoogleUtilities/UserDefaults (~> 6.7)
    - PromisesObjC (~> 1.2)
  - FirebaseInstanceID (4.8.0):
    - FirebaseCore (~> 6.10)
    - FirebaseInstallations (~> 1.6)
    - GoogleUtilities/Environment (~> 6.7)
    - GoogleUtilities/UserDefaults (~> 6.7)
  - FirebaseMessaging (4.7.1):
    - FirebaseCore (~> 6.10)
    - FirebaseInstanceID (~> 4.7)
    - GoogleUtilities/AppDelegateSwizzler (~> 6.7)
    - GoogleUtilities/Environment (~> 6.7)
    - GoogleUtilities/Reachability (~> 6.7)
    - GoogleUtilities/UserDefaults (~> 6.7)
    - Protobuf (>= 3.9.2, ~> 3.9)
  - FlagPhoneNumber (0.8.0):
    - FlagPhoneNumber/libPhoneNumberiOS (= 0.8.0)
  - FlagPhoneNumber/libPhoneNumberiOS (0.8.0)
  - FoldingCell (5.0.2)
  - FRadioPlayer (0.1.22)
  - GeoFire (4.1.0):
    - Firebase/Database (~> 6.0)
    - GeoFire/Utils (= 4.1.0)
  - GeoFire/Utils (4.1.0):
    - Firebase/Database (~> 6.0)
  - Google-Mobile-Ads-SDK (7.67.0):
    - GoogleAppMeasurement (~> 6.0)
    - GoogleUserMessagingPlatform (~> 1.1)
  - GoogleAppMeasurement (6.9.0):
    - GoogleUtilities/AppDelegateSwizzler (~> 6.7)
    - GoogleUtilities/MethodSwizzler (~> 6.7)
    - GoogleUtilities/Network (~> 6.7)
    - "GoogleUtilities/NSData+zlib (~> 6.7)"
    - nanopb (~> 1.30906.0)
  - GoogleDataTransport (7.5.1):
    - nanopb (~> 1.30906.0)
  - GoogleSignIn (5.0.2):
    - AppAuth (~> 1.2)
    - GTMAppAuth (~> 1.0)
    - GTMSessionFetcher/Core (~> 1.1)
  - GoogleUserMessagingPlatform (1.4.0)
  - GoogleUtilities/AppDelegateSwizzler (6.7.2):
    - GoogleUtilities/Environment
    - GoogleUtilities/Logger
    - GoogleUtilities/Network
  - GoogleUtilities/Environment (6.7.2):
    - PromisesObjC (~> 1.2)
  - GoogleUtilities/Logger (6.7.2):
    - GoogleUtilities/Environment
  - GoogleUtilities/MethodSwizzler (6.7.2):
    - GoogleUtilities/Logger
  - GoogleUtilities/Network (6.7.2):
    - GoogleUtilities/Logger
    - "GoogleUtilities/NSData+zlib"
    - GoogleUtilities/Reachability
  - "GoogleUtilities/NSData+zlib (6.7.2)"
  - GoogleUtilities/Reachability (6.7.2):
    - GoogleUtilities/Logger
  - GoogleUtilities/UserDefaults (6.7.2):
    - GoogleUtilities/Logger
  - GTMAppAuth (1.1.0):
    - AppAuth/Core (~> 1.4)
    - GTMSessionFetcher (~> 1.4)
  - GTMSessionFetcher (1.5.0):
    - GTMSessionFetcher/Full (= 1.5.0)
  - GTMSessionFetcher/Core (1.5.0)
  - GTMSessionFetcher/Full (1.5.0):
    - GTMSessionFetcher/Core (= 1.5.0)
  - leveldb-library (1.22)
  - LinearProgressBar (1.0.2)
  - lottie-ios (3.2.1)
  - moa (12.0.0)
  - MSPeekCollectionViewDelegateImplementation (3.1.1)
  - MultilineTextField (1.0.0)
  - nanopb (1.30906.0):
    - nanopb/decode (= 1.30906.0)
    - nanopb/encode (= 1.30906.0)
  - nanopb/decode (1.30906.0)
  - nanopb/encode (1.30906.0)
  - PINCache (3.0.3):
    - PINCache/Arc-exception-safe (= 3.0.3)
    - PINCache/Core (= 3.0.3)
  - PINCache/Arc-exception-safe (3.0.3):
    - PINCache/Core
  - PINCache/Core (3.0.3):
    - PINOperation (~> 1.2.1)
  - PINOperation (1.2.1)
  - PINRemoteImage (3.0.3):
    - PINRemoteImage/PINCache (= 3.0.3)
  - PINRemoteImage/Core (3.0.3):
    - PINOperation
  - PINRemoteImage/PINCache (3.0.3):
    - PINCache (~> 3.0.3)
    - PINRemoteImage/Core
  - PopupDialog (1.1.1):
    - DynamicBlurView (~> 4.0)
  - PromisesObjC (1.2.12)
  - Protobuf (3.14.0)
  - RAMPaperSwitch (3.1.0)
  - SendBirdSDK (3.0.216)
  - SPStorkController (1.8.4)
  - SwiftDate (6.3.1)
  - Swifter (2.5.0)
  - SwiftHTTP (3.0.1)
  - SwiftLocation (4.2.0)
  - SwiftNotificationCenter (1.0.4)
  - SwiftRichString (3.7.2)
  - SwiftyGif (5.4.0)
  - UnderLineTextField (2.1.0)
  - ValidationComponents (0.3.0):
    - ValidationToolkit (~> 0.4.1)
  - ValidationToolkit (0.4.1)
  - VideoBackground (0.2.0)
  - youtube-ios-player-helper (1.0.3)
  - YoutubeKit (0.5.0)
  - YoutubePlayerView (1.2.1)

DEPENDENCIES:
  - AIFlatSwitch
  - collection-view-layouts/InstagramLayout
  - CollectionPickerView
  - Cosmos (~> 23.0)
  - EMPageViewController
  - ExpyTableView
  - FBSDKLoginKit
  - Firebase/Analytics
  - Firebase/Auth
  - Firebase/Database
  - Firebase/Messaging
  - FlagPhoneNumber
  - FoldingCell
  - FRadioPlayer
  - GeoFire (~> 4.0)
  - Google-Mobile-Ads-SDK
  - GoogleSignIn
  - LinearProgressBar
  - lottie-ios
  - moa
  - MSPeekCollectionViewDelegateImplementation
  - MultilineTextField
  - PINRemoteImage
  - PopupDialog
  - RAMPaperSwitch
  - SendBirdSDK
  - SPStorkController
  - SwiftDate
  - Swifter (from `https://github.com/mattdonnelly/Swifter.git`)
  - SwiftHTTP
  - SwiftLocation (~> 4.0)
  - SwiftNotificationCenter
  - SwiftRichString
  - SwiftyGif
  - UnderLineTextField
  - ValidationComponents
  - VideoBackground
  - youtube-ios-player-helper
  - YoutubeKit
  - YoutubePlayerView

SPEC REPOS:
  trunk:
    - AIFlatSwitch
    - AppAuth
    - collection-view-layouts
    - CollectionPickerView
    - Cosmos
    - DynamicBlurView
    - EMPageViewController
    - ExpyTableView
    - FBSDKCoreKit
    - FBSDKLoginKit
    - Firebase
    - FirebaseAnalytics
    - FirebaseAuth
    - FirebaseCore
    - FirebaseCoreDiagnostics
    - FirebaseDatabase
    - FirebaseInstallations
    - FirebaseInstanceID
    - FirebaseMessaging
    - FlagPhoneNumber
    - FoldingCell
    - FRadioPlayer
    - GeoFire
    - Google-Mobile-Ads-SDK
    - GoogleAppMeasurement
    - GoogleDataTransport
    - GoogleSignIn
    - GoogleUserMessagingPlatform
    - GoogleUtilities
    - GTMAppAuth
    - GTMSessionFetcher
    - leveldb-library
    - LinearProgressBar
    - lottie-ios
    - moa
    - MSPeekCollectionViewDelegateImplementation
    - MultilineTextField
    - nanopb
    - PINCache
    - PINOperation
    - PINRemoteImage
    - PopupDialog
    - PromisesObjC
    - Protobuf
    - RAMPaperSwitch
    - SendBirdSDK
    - SPStorkController
    - SwiftDate
    - SwiftHTTP
    - SwiftLocation
    - SwiftNotificationCenter
    - SwiftRichString
    - SwiftyGif
    - UnderLineTextField
    - ValidationComponents
    - ValidationToolkit
    - VideoBackground
    - youtube-ios-player-helper
    - YoutubeKit
    - YoutubePlayerView

EXTERNAL SOURCES:
  Swifter:
    :git: https://github.com/mattdonnelly/Swifter.git

CHECKOUT OPTIONS:
  Swifter:
    :commit: 50682ebe64e4c08f18957ccfd16888f035c20755
    :git: https://github.com/mattdonnelly/Swifter.git

SPEC CHECKSUMS:
  AIFlatSwitch: fd56a5e6ab8769f0b52cef815c4f071e83050352
  AppAuth: 31bcec809a638d7bd2f86ea8a52bd45f6e81e7c7
  collection-view-layouts: 474ec4cce601a26247737227a97fa6a4eb30213f
  CollectionPickerView: f05e0ece3f345cf468671d5bc5e6502ab50de193
  Cosmos: b5c6a9a637e28a061b54c8f8b1d8529d7d4db73f
  DynamicBlurView: 58e18fae80bb614e34681a4486870e7d257b62e8
  EMPageViewController: de8c8d6ea44c77bc2463f2cb9b4128390d2391f2
  ExpyTableView: 19cf224c2ff04b1ec215ec52bc4ba6f81fa809ed
  FBSDKCoreKit: fada1a6a0076724678993ff05a633848765ff18c
  FBSDKLoginKit: d5ffe6d808897019ccf16feb6f0a7ab260bc5cd6
  Firebase: c23a36d9e4cdf7877dfcba8dd0c58add66358999
  FirebaseAnalytics: 3bb096873ee0d7fa4b6c70f5e9166b6da413cc7f
  FirebaseAuth: c92d49ada7948d1a23466e3db17bc4c2039dddc3
  FirebaseCore: d3a978a3cfa3240bf7e4ba7d137fdf5b22b628ec
  FirebaseCoreDiagnostics: 770ac5958e1372ce67959ae4b4f31d8e127c3ac1
  FirebaseDatabase: 13a865a4b85897462b930eb683bda8f52583713f
  FirebaseInstallations: 466c7b4d1f58fe16707693091da253726a731ed2
  FirebaseInstanceID: bd3ffc24367f901a43c063b36c640b345a4a5dd1
  FirebaseMessaging: 5eca4ef173de76253352511aafef774caa1cba2a
  FlagPhoneNumber: 3712455b95f66cb0f2016fef7d9e34cddf8c7f9a
  FoldingCell: f92eb5fb9842319e7cd08c71533c98408b785099
  FRadioPlayer: 7c6173cc44a3be39a9419abd3a931d9223e175e4
  GeoFire: 8372fdf980b5ef1df6767dba7ff79288fad34612
  Google-Mobile-Ads-SDK: 8b58584890539de4527c47ef01e4da941a10bc8a
  GoogleAppMeasurement: a6a3a066369828db64eda428cb2856dc1cdc7c4e
  GoogleDataTransport: f56af7caa4ed338dc8e138a5d7c5973e66440833
  GoogleSignIn: 7137d297ddc022a7e0aa4619c86d72c909fa7213
  GoogleUserMessagingPlatform: b168e8c46cd8f92aa3e34b584c4ca78a411ce367
  GoogleUtilities: 7f2f5a07f888cdb145101d6042bc4422f57e70b3
  GTMAppAuth: 197a8dabfea5d665224aa00d17f164fc2248dab9
  GTMSessionFetcher: b3503b20a988c4e20cc189aa798fd18220133f52
  leveldb-library: 55d93ee664b4007aac644a782d11da33fba316f7
  LinearProgressBar: 619d6f286b608e501f39406557f60cdab3faf910
  lottie-ios: 106e92eaf11fbed0a76590b4cdb9b5ec26123ff7
  moa: e2346f12de6c65bbca4d103950d45db9e46785ef
  MSPeekCollectionViewDelegateImplementation: f86fd6a6ce284723343e8697a013f5294c05e745
  MultilineTextField: bb965487257ce72f880d313074d419cac34024ff
  nanopb: 59317e09cf1f1a0af72f12af412d54edf52603fc
  PINCache: 7a8fc1a691173d21dbddbf86cd515de6efa55086
  PINOperation: 00c935935f1e8cf0d1e2d6b542e75b88fc3e5e20
  PINRemoteImage: f1295b29f8c5e640e25335a1b2bd9d805171bd01
  PopupDialog: 720c92befd8bc23c13442254945213db5612f149
  PromisesObjC: 3113f7f76903778cf4a0586bd1ab89329a0b7b97
  Protobuf: 0cde852566359049847168e51bd1c690e0f70056
  RAMPaperSwitch: 4ab6358e37cc90060693f10fb60fb6b73f6492c3
  SendBirdSDK: 649acb748951f422ca52c5a54bb7f290ad84c24b
  SPStorkController: 95926db63e1c5826f38f1c108b159a3c35c588a6
  SwiftDate: 72d28954e8e1c6c1c0f917ccc8005e4f83c7d4b2
  Swifter: 4c2f8cf320c2f751c10128f841d8e9bd8609d988
  SwiftHTTP: e94f1aa8cde58637dcc0100f6349de31a3337fde
  SwiftLocation: 609ac8859f2c5d48a6cadd2a58c63b1dae02dc25
  SwiftNotificationCenter: 760386da2ce03d3594cb5e96d1e22ec80b44b46f
  SwiftRichString: d61b807db1f8834c26fee92b6dd3e1be2dc5af03
  SwiftyGif: 5d4af95df24caf1c570dbbcb32a3b8a0763bc6d7
  UnderLineTextField: b3f5307b56962331e30a965e81b79aae2df1de83
  ValidationComponents: fad1f9e9d7fbf3e10c893c880ef9d27627e90382
  ValidationToolkit: ce8e9c1a5d49eddc3266a009d46df5ea22042dbc
  VideoBackground: b4a2f39d3b16254b2bec9488cb2968a06dff69c5
  youtube-ios-player-helper: 0185c57db23c80d63d6ca11251d110abb8a4ca61
  YoutubeKit: 9f66eba839211158f2aac7ad3833593bd56fa8f9
  YoutubePlayerView: 3870fc10f2db3f54156697757f44d304203bdc7e

PODFILE CHECKSUM: 5261db8a747abad5fa6d31ec37f34385dfc4e0ce

COCOAPODS: 1.11.3
