PODS:
  - AIFlatSwitch (1.0.7)
  - AppAuth (1.6.2):
    - AppAuth/Core (= 1.6.2)
    - AppAuth/ExternalUserAgent (= 1.6.2)
  - AppAuth/Core (1.6.2)
  - AppAuth/ExternalUserAgent (1.6.2):
    - AppAuth/Core
  - collection-view-layouts/Core (0.2.2)
  - collection-view-layouts/InstagramLayout (0.2.2):
    - collection-view-layouts/Core
  - CollectionPickerView (0.1.3)
  - Cosmos (23.0.0)
  - DynamicBlurView (4.1.0)
  - EMPageViewController (4.0.0)
  - ExpyTableView (1.2.1)
  - FBAEMKit (16.2.1):
    - FBSDKCoreKit_Basics (= 16.2.1)
  - FBSDKCoreKit (16.2.1):
    - FBAEMKit (= 16.2.1)
    - FBSDKCoreKit_Basics (= 16.2.1)
  - FBSDKCoreKit_Basics (16.2.1)
  - FBSDKLoginKit (16.2.1):
    - FBSDKCoreKit (= 16.2.1)
  - Firebase/CoreOnly (8.15.0):
    - FirebaseCore (= 8.15.0)
  - Firebase/Database (8.15.0):
    - Firebase/CoreOnly
    - FirebaseDatabase (~> 8.15.0)
  - FirebaseAnalytics (8.15.0):
    - FirebaseAnalytics/AdIdSupport (= 8.15.0)
    - FirebaseCore (~> 8.0)
    - FirebaseInstallations (~> 8.0)
    - GoogleUtilities/AppDelegateSwizzler (~> 7.7)
    - GoogleUtilities/MethodSwizzler (~> 7.7)
    - GoogleUtilities/Network (~> 7.7)
    - "GoogleUtilities/NSData+zlib (~> 7.7)"
    - nanopb (~> 2.30908.0)
  - FirebaseAnalytics/AdIdSupport (8.15.0):
    - FirebaseCore (~> 8.0)
    - FirebaseInstallations (~> 8.0)
    - GoogleAppMeasurement (= 8.15.0)
    - GoogleUtilities/AppDelegateSwizzler (~> 7.7)
    - GoogleUtilities/MethodSwizzler (~> 7.7)
    - GoogleUtilities/Network (~> 7.7)
    - "GoogleUtilities/NSData+zlib (~> 7.7)"
    - nanopb (~> 2.30908.0)
  - FirebaseAuth (8.15.0):
    - FirebaseCore (~> 8.0)
    - GoogleUtilities/AppDelegateSwizzler (~> 7.7)
    - GoogleUtilities/Environment (~> 7.7)
    - GTMSessionFetcher/Core (~> 1.5)
  - FirebaseCore (8.15.0):
    - FirebaseCoreDiagnostics (~> 8.0)
    - GoogleUtilities/Environment (~> 7.7)
    - GoogleUtilities/Logger (~> 7.7)
  - FirebaseCoreDiagnostics (8.15.0):
    - GoogleDataTransport (~> 9.1)
    - GoogleUtilities/Environment (~> 7.7)
    - GoogleUtilities/Logger (~> 7.7)
    - nanopb (~> 2.30908.0)
  - FirebaseDatabase (8.15.0):
    - FirebaseCore (~> 8.0)
    - leveldb-library (~> 1.22)
  - FirebaseInstallations (8.15.0):
    - FirebaseCore (~> 8.0)
    - GoogleUtilities/Environment (~> 7.7)
    - GoogleUtilities/UserDefaults (~> 7.7)
    - PromisesObjC (< 3.0, >= 1.2)
  - FirebaseMessaging (8.15.0):
    - FirebaseCore (~> 8.0)
    - FirebaseInstallations (~> 8.0)
    - GoogleDataTransport (~> 9.1)
    - GoogleUtilities/AppDelegateSwizzler (~> 7.7)
    - GoogleUtilities/Environment (~> 7.7)
    - GoogleUtilities/Reachability (~> 7.7)
    - GoogleUtilities/UserDefaults (~> 7.7)
    - nanopb (~> 2.30908.0)
  - FittedSheets (2.6.1)
  - FlagPhoneNumber (0.8.0):
    - FlagPhoneNumber/libPhoneNumberiOS (= 0.8.0)
  - FlagPhoneNumber/libPhoneNumberiOS (0.8.0)
  - GeoFire (4.3.0):
    - GeoFire/Database (= 4.3.0)
  - GeoFire/Database (4.3.0):
    - Firebase/Database (< 9.0.0, > 7.0.0)
    - GeoFire/Utils
  - GeoFire/Utils (4.3.0)
  - Google-Mobile-Ads-SDK (10.13.0):
    - GoogleAppMeasurement (< 11.0, >= 7.0)
    - GoogleUserMessagingPlatform (>= 1.1)
  - GoogleAppMeasurement (8.15.0):
    - GoogleAppMeasurement/AdIdSupport (= 8.15.0)
    - GoogleUtilities/AppDelegateSwizzler (~> 7.7)
    - GoogleUtilities/MethodSwizzler (~> 7.7)
    - GoogleUtilities/Network (~> 7.7)
    - "GoogleUtilities/NSData+zlib (~> 7.7)"
    - nanopb (~> 2.30908.0)
  - GoogleAppMeasurement/AdIdSupport (8.15.0):
    - GoogleAppMeasurement/WithoutAdIdSupport (= 8.15.0)
    - GoogleUtilities/AppDelegateSwizzler (~> 7.7)
    - GoogleUtilities/MethodSwizzler (~> 7.7)
    - GoogleUtilities/Network (~> 7.7)
    - "GoogleUtilities/NSData+zlib (~> 7.7)"
    - nanopb (~> 2.30908.0)
  - GoogleAppMeasurement/WithoutAdIdSupport (8.15.0):
    - GoogleUtilities/AppDelegateSwizzler (~> 7.7)
    - GoogleUtilities/MethodSwizzler (~> 7.7)
    - GoogleUtilities/Network (~> 7.7)
    - "GoogleUtilities/NSData+zlib (~> 7.7)"
    - nanopb (~> 2.30908.0)
  - GoogleDataTransport (9.2.5):
    - GoogleUtilities/Environment (~> 7.7)
    - nanopb (< 2.30910.0, >= 2.30908.0)
    - PromisesObjC (< 3.0, >= 1.2)
  - GoogleSignIn (7.0.0):
    - AppAuth (~> 1.5)
    - GTMAppAuth (< 3.0, >= 1.3)
    - GTMSessionFetcher/Core (< 4.0, >= 1.1)
  - GoogleUserMessagingPlatform (2.1.0)
  - GoogleUtilities/AppDelegateSwizzler (7.12.0):
    - GoogleUtilities/Environment
    - GoogleUtilities/Logger
    - GoogleUtilities/Network
  - GoogleUtilities/Environment (7.12.0):
    - PromisesObjC (< 3.0, >= 1.2)
  - GoogleUtilities/Logger (7.12.0):
    - GoogleUtilities/Environment
  - GoogleUtilities/MethodSwizzler (7.12.0):
    - GoogleUtilities/Logger
  - GoogleUtilities/Network (7.12.0):
    - GoogleUtilities/Logger
    - "GoogleUtilities/NSData+zlib"
    - GoogleUtilities/Reachability
  - "GoogleUtilities/NSData+zlib (7.12.0)"
  - GoogleUtilities/Reachability (7.12.0):
    - GoogleUtilities/Logger
  - GoogleUtilities/UserDefaults (7.12.0):
    - GoogleUtilities/Logger
  - GTMAppAuth (2.0.0):
    - AppAuth/Core (~> 1.6)
    - GTMSessionFetcher/Core (< 4.0, >= 1.5)
  - GTMSessionFetcher/Core (1.7.2)
  - leveldb-library (1.22.2)
  - LinearProgressBar (1.0.2)
  - lottie-ios (4.3.3)
  - moa (12.0.0)
  - MSPeekCollectionViewDelegateImplementation (3.2.0)
  - MultilineTextField (1.0.0)
  - nanopb (2.30908.0):
    - nanopb/decode (= 2.30908.0)
    - nanopb/encode (= 2.30908.0)
  - nanopb/decode (2.30908.0)
  - nanopb/encode (2.30908.0)
  - PINCache (3.0.3):
    - PINCache/Arc-exception-safe (= 3.0.3)
    - PINCache/Core (= 3.0.3)
  - PINCache/Arc-exception-safe (3.0.3):
    - PINCache/Core
  - PINCache/Core (3.0.3):
    - PINOperation (~> 1.2.1)
  - PINOperation (1.2.2)
  - PINRemoteImage (3.0.3):
    - PINRemoteImage/PINCache (= 3.0.3)
  - PINRemoteImage/Core (3.0.3):
    - PINOperation
  - PINRemoteImage/PINCache (3.0.3):
    - PINCache (~> 3.0.3)
    - PINRemoteImage/Core
  - PopupDialog (1.1.1):
    - DynamicBlurView (~> 4.0)
  - PromisesObjC (2.3.1)
  - RAMPaperSwitch (3.1.0)
  - SPStorkController (1.8.5)
  - SwiftDate (6.3.1)
  - Swifter (2.5.0)
  - SwiftHTTP (3.0.1)
  - SwiftLocation (4.2.0)
  - SwiftNotificationCenter (1.0.4)
  - SwiftRichString (3.7.2)
  - SwiftVideoBackground (3.4.0)
  - UnderLineTextField (2.1.0)
  - ValidationComponents (0.3.0):
    - ValidationToolkit (~> 0.4.1)
  - ValidationToolkit (0.4.1)
  - youtube-ios-player-helper (1.0.4)
  - YoutubeKit (0.8.0)
  - YoutubePlayerView (1.2.1)

DEPENDENCIES:
  - AIFlatSwitch
  - collection-view-layouts/InstagramLayout
  - CollectionPickerView
  - Cosmos (~> 23.0)
  - EMPageViewController
  - ExpyTableView
  - FBSDKLoginKit
  - FirebaseAnalytics
  - FirebaseAuth
  - FirebaseDatabase
  - FirebaseMessaging
  - FittedSheets
  - FlagPhoneNumber
  - GeoFire (~> 4.0)
  - Google-Mobile-Ads-SDK
  - GoogleSignIn
  - LinearProgressBar
  - lottie-ios
  - moa
  - MSPeekCollectionViewDelegateImplementation
  - MultilineTextField
  - PINRemoteImage
  - PopupDialog
  - RAMPaperSwitch
  - SPStorkController
  - SwiftDate
  - Swifter (from `https://github.com/mattdonnelly/Swifter.git`)
  - SwiftHTTP
  - SwiftLocation (~> 4.0)
  - SwiftNotificationCenter
  - SwiftRichString
  - SwiftVideoBackground
  - UnderLineTextField
  - ValidationComponents
  - youtube-ios-player-helper
  - YoutubeKit
  - YoutubePlayerView

SPEC REPOS:
  trunk:
    - AIFlatSwitch
    - AppAuth
    - collection-view-layouts
    - CollectionPickerView
    - Cosmos
    - DynamicBlurView
    - EMPageViewController
    - ExpyTableView
    - FBAEMKit
    - FBSDKCoreKit
    - FBSDKCoreKit_Basics
    - FBSDKLoginKit
    - Firebase
    - FirebaseAnalytics
    - FirebaseAuth
    - FirebaseCore
    - FirebaseCoreDiagnostics
    - FirebaseDatabase
    - FirebaseInstallations
    - FirebaseMessaging
    - FittedSheets
    - FlagPhoneNumber
    - GeoFire
    - Google-Mobile-Ads-SDK
    - GoogleAppMeasurement
    - GoogleDataTransport
    - GoogleSignIn
    - GoogleUserMessagingPlatform
    - GoogleUtilities
    - GTMAppAuth
    - GTMSessionFetcher
    - leveldb-library
    - LinearProgressBar
    - lottie-ios
    - moa
    - MSPeekCollectionViewDelegateImplementation
    - MultilineTextField
    - nanopb
    - PINCache
    - PINOperation
    - PINRemoteImage
    - PopupDialog
    - PromisesObjC
    - RAMPaperSwitch
    - SPStorkController
    - SwiftDate
    - SwiftHTTP
    - SwiftLocation
    - SwiftNotificationCenter
    - SwiftRichString
    - SwiftVideoBackground
    - UnderLineTextField
    - ValidationComponents
    - ValidationToolkit
    - youtube-ios-player-helper
    - YoutubeKit
    - YoutubePlayerView

EXTERNAL SOURCES:
  Swifter:
    :git: https://github.com/mattdonnelly/Swifter.git

CHECKOUT OPTIONS:
  Swifter:
    :commit: f6888d61500f46ca6d1814fe2624056339eda986
    :git: https://github.com/mattdonnelly/Swifter.git

SPEC CHECKSUMS:
  AIFlatSwitch: fd56a5e6ab8769f0b52cef815c4f071e83050352
  AppAuth: 3bb1d1cd9340bd09f5ed189fb00b1cc28e1e8570
  collection-view-layouts: 474ec4cce601a26247737227a97fa6a4eb30213f
  CollectionPickerView: f05e0ece3f345cf468671d5bc5e6502ab50de193
  Cosmos: b5c6a9a637e28a061b54c8f8b1d8529d7d4db73f
  DynamicBlurView: 58e18fae80bb614e34681a4486870e7d257b62e8
  EMPageViewController: de8c8d6ea44c77bc2463f2cb9b4128390d2391f2
  ExpyTableView: 19cf224c2ff04b1ec215ec52bc4ba6f81fa809ed
  FBAEMKit: 4763aa27b8f69eb9d2c274189e91388de1dbd88a
  FBSDKCoreKit: 40ae989ca1da1bbeba56acd4671dde64ad415506
  FBSDKCoreKit_Basics: 1257d71d2d692661290bf2af4bea5f9a101387af
  FBSDKLoginKit: bf4f96d0ce475de2da4b1800ce150bd8a6f120f3
  Firebase: 5f8193dff4b5b7c5d5ef72ae54bb76c08e2b841d
  FirebaseAnalytics: 7761cbadb00a717d8d0939363eb46041526474fa
  FirebaseAuth: 3e73bf8abf4fbb40f8b421f361f4cc48ee57388c
  FirebaseCore: 5743c5785c074a794d35f2fff7ecc254a91e08b1
  FirebaseCoreDiagnostics: 92e07a649aeb66352b319d43bdd2ee3942af84cb
  FirebaseDatabase: f567afd233e54a303d84423207736590a6feb419
  FirebaseInstallations: 40bd9054049b2eae9a2c38ef1c3dd213df3605cd
  FirebaseMessaging: 5e5118a2383b3531e730d974680954c679ca0a13
  FittedSheets: 37e35f105c531f3845075f1788dd8517a35315c4
  FlagPhoneNumber: 3712455b95f66cb0f2016fef7d9e34cddf8c7f9a
  GeoFire: c34927b5c81ab614f611c79aa8d074cfa9780f07
  Google-Mobile-Ads-SDK: 517003a1a2430005da3e85df4d061cd7de107a5a
  GoogleAppMeasurement: 4c19f031220c72464d460c9daa1fb5d1acce958e
  GoogleDataTransport: 54dee9d48d14580407f8f5fbf2f496e92437a2f2
  GoogleSignIn: b232380cf495a429b8095d3178a8d5855b42e842
  GoogleUserMessagingPlatform: dce302b8f1b84d6e945812ee7a15c3f65a102cbf
  GoogleUtilities: 0759d1a57ebb953965c2dfe0ba4c82e95ccc2e34
  GTMAppAuth: 99fb010047ba3973b7026e45393f51f27ab965ae
  GTMSessionFetcher: 5595ec75acf5be50814f81e9189490412bad82ba
  leveldb-library: f03246171cce0484482ec291f88b6d563699ee06
  LinearProgressBar: 619d6f286b608e501f39406557f60cdab3faf910
  lottie-ios: 25e7b2675dad5c3ddad369ac9baab03560c5bfdd
  moa: e2346f12de6c65bbca4d103950d45db9e46785ef
  MSPeekCollectionViewDelegateImplementation: be35a217bd302976a9e4476151be992c1f150127
  MultilineTextField: bb965487257ce72f880d313074d419cac34024ff
  nanopb: a0ba3315591a9ae0a16a309ee504766e90db0c96
  PINCache: 7a8fc1a691173d21dbddbf86cd515de6efa55086
  PINOperation: daa34d4aa1d8449089be7d405b9d974abc4724c6
  PINRemoteImage: f1295b29f8c5e640e25335a1b2bd9d805171bd01
  PopupDialog: 720c92befd8bc23c13442254945213db5612f149
  PromisesObjC: c50d2056b5253dadbd6c2bea79b0674bd5a52fa4
  RAMPaperSwitch: 4ab6358e37cc90060693f10fb60fb6b73f6492c3
  SPStorkController: 68966ed3134de2be2a8bbd1475c7e81f3f7d01ee
  SwiftDate: 72d28954e8e1c6c1c0f917ccc8005e4f83c7d4b2
  Swifter: 4c2f8cf320c2f751c10128f841d8e9bd8609d988
  SwiftHTTP: e94f1aa8cde58637dcc0100f6349de31a3337fde
  SwiftLocation: 609ac8859f2c5d48a6cadd2a58c63b1dae02dc25
  SwiftNotificationCenter: 760386da2ce03d3594cb5e96d1e22ec80b44b46f
  SwiftRichString: d61b807db1f8834c26fee92b6dd3e1be2dc5af03
  SwiftVideoBackground: 826e0567c737ded2a211aa309e9951c643695e8f
  UnderLineTextField: b3f5307b56962331e30a965e81b79aae2df1de83
  ValidationComponents: fad1f9e9d7fbf3e10c893c880ef9d27627e90382
  ValidationToolkit: ce8e9c1a5d49eddc3266a009d46df5ea22042dbc
  youtube-ios-player-helper: e9b97535e816db3152179d84d999bc1807ecd689
  YoutubeKit: 22d35bb9f52bf403cecf37424c67e3399ca4d412
  YoutubePlayerView: 3870fc10f2db3f54156697757f44d304203bdc7e

PODFILE CHECKSUM: f0f65c4ae76eee4a1d86cb82c9da17089a622985

COCOAPODS: 1.11.3
