// !$*UTF8*$!
{
	archiveVersion = 1;
	classes = {
	};
	objectVersion = 50;
	objects = {

/* Begin PBXBuildFile section */
		4C4D88242205F32900AD7090 /* AppDelegate.swift in Sources */ = {isa = PBXBuildFile; fileRef = 4C4D88232205F32900AD7090 /* AppDelegate.swift */; };
		4C4D88262205F32900AD7090 /* ViewController.swift in Sources */ = {isa = PBXBuildFile; fileRef = 4C4D88252205F32900AD7090 /* ViewController.swift */; };
		4C4D88292205F32900AD7090 /* Main.storyboard in Resources */ = {isa = PBXBuildFile; fileRef = 4C4D88272205F32900AD7090 /* Main.storyboard */; };
		4C4D882C2205F32900AD7090 /* DoubleXP.xcdatamodeld in Sources */ = {isa = PBXBuildFile; fileRef = 4C4D882A2205F32900AD7090 /* DoubleXP.xcdatamodeld */; };
		4C4D882E2205F33200AD7090 /* Assets.xcassets in Resources */ = {isa = PBXBuildFile; fileRef = 4C4D882D2205F33200AD7090 /* Assets.xcassets */; };
		4C4D88312205F33200AD7090 /* LaunchScreen.storyboard in Resources */ = {isa = PBXBuildFile; fileRef = 4C4D882F2205F33200AD7090 /* LaunchScreen.storyboard */; };
		4C4D883C2205F33200AD7090 /* DoubleXPTests.swift in Sources */ = {isa = PBXBuildFile; fileRef = 4C4D883B2205F33200AD7090 /* DoubleXPTests.swift */; };
		4C4D88472205F33300AD7090 /* DoubleXPUITests.swift in Sources */ = {isa = PBXBuildFile; fileRef = 4C4D88462205F33300AD7090 /* DoubleXPUITests.swift */; };
/* End PBXBuildFile section */

/* Begin PBXContainerItemProxy section */
		4C4D88382205F33200AD7090 /* PBXContainerItemProxy */ = {
			isa = PBXContainerItemProxy;
			containerPortal = 4C4D88182205F32900AD7090 /* Project object */;
			proxyType = 1;
			remoteGlobalIDString = 4C4D881F2205F32900AD7090;
			remoteInfo = DoubleXP;
		};
		4C4D88432205F33300AD7090 /* PBXContainerItemProxy */ = {
			isa = PBXContainerItemProxy;
			containerPortal = 4C4D88182205F32900AD7090 /* Project object */;
			proxyType = 1;
			remoteGlobalIDString = 4C4D881F2205F32900AD7090;
			remoteInfo = DoubleXP;
		};
/* End PBXContainerItemProxy section */

/* Begin PBXFileReference section */
		4C4D88202205F32900AD7090 /* DoubleXP.app */ = {isa = PBXFileReference; explicitFileType = wrapper.application; includeInIndex = 0; path = DoubleXP.app; sourceTree = BUILT_PRODUCTS_DIR; };
		4C4D88232205F32900AD7090 /* AppDelegate.swift */ = {isa = PBXFileReference; lastKnownFileType = sourcecode.swift; path = AppDelegate.swift; sourceTree = "<group>"; };
		4C4D88252205F32900AD7090 /* ViewController.swift */ = {isa = PBXFileReference; lastKnownFileType = sourcecode.swift; path = ViewController.swift; sourceTree = "<group>"; };
		4C4D88282205F32900AD7090 /* Base */ = {isa = PBXFileReference; lastKnownFileType = file.storyboard; name = Base; path = Base.lproj/Main.storyboard; sourceTree = "<group>"; };
		4C4D882B2205F32900AD7090 /* DoubleXP.xcdatamodel */ = {isa = PBXFileReference; lastKnownFileType = wrapper.xcdatamodel; path = DoubleXP.xcdatamodel; sourceTree = "<group>"; };
		4C4D882D2205F33200AD7090 /* Assets.xcassets */ = {isa = PBXFileReference; lastKnownFileType = folder.assetcatalog; path = Assets.xcassets; sourceTree = "<group>"; };
		4C4D88302205F33200AD7090 /* Base */ = {isa = PBXFileReference; lastKnownFileType = file.storyboard; name = Base; path = Base.lproj/LaunchScreen.storyboard; sourceTree = "<group>"; };
		4C4D88322205F33200AD7090 /* Info.plist */ = {isa = PBXFileReference; lastKnownFileType = text.plist.xml; path = Info.plist; sourceTree = "<group>"; };
		4C4D88372205F33200AD7090 /* DoubleXPTests.xctest */ = {isa = PBXFileReference; explicitFileType = wrapper.cfbundle; includeInIndex = 0; path = DoubleXPTests.xctest; sourceTree = BUILT_PRODUCTS_DIR; };
		4C4D883B2205F33200AD7090 /* DoubleXPTests.swift */ = {isa = PBXFileReference; lastKnownFileType = sourcecode.swift; path = DoubleXPTests.swift; sourceTree = "<group>"; };
		4C4D883D2205F33300AD7090 /* Info.plist */ = {isa = PBXFileReference; lastKnownFileType = text.plist.xml; path = Info.plist; sourceTree = "<group>"; };
		4C4D88422205F33300AD7090 /* DoubleXPUITests.xctest */ = {isa = PBXFileReference; explicitFileType = wrapper.cfbundle; includeInIndex = 0; path = DoubleXPUITests.xctest; sourceTree = BUILT_PRODUCTS_DIR; };
		4C4D88462205F33300AD7090 /* DoubleXPUITests.swift */ = {isa = PBXFileReference; lastKnownFileType = sourcecode.swift; path = DoubleXPUITests.swift; sourceTree = "<group>"; };
		4C4D88482205F33300AD7090 /* Info.plist */ = {isa = PBXFileReference; lastKnownFileType = text.plist.xml; path = Info.plist; sourceTree = "<group>"; };
/* End PBXFileReference section */

/* Begin PBXFrameworksBuildPhase section */
		4C4D881D2205F32900AD7090 /* Frameworks */ = {
			isa = PBXFrameworksBuildPhase;
			buildActionMask = 2147483647;
			files = (
			);
			runOnlyForDeploymentPostprocessing = 0;
		};
		4C4D88342205F33200AD7090 /* Frameworks */ = {
			isa = PBXFrameworksBuildPhase;
			buildActionMask = 2147483647;
			files = (
			);
			runOnlyForDeploymentPostprocessing = 0;
		};
		4C4D883F2205F33300AD7090 /* Frameworks */ = {
			isa = PBXFrameworksBuildPhase;
			buildActionMask = 2147483647;
			files = (
			);
			runOnlyForDeploymentPostprocessing = 0;
		};
/* End PBXFrameworksBuildPhase section */

/* Begin PBXGroup section */
		4C4D88172205F32900AD7090 = {
			isa = PBXGroup;
			children = (
				4C4D88222205F32900AD7090 /* DoubleXP */,
				4C4D883A2205F33200AD7090 /* DoubleXPTests */,
				4C4D88452205F33300AD7090 /* DoubleXPUITests */,
				4C4D88212205F32900AD7090 /* Products */,
			);
			sourceTree = "<group>";
		};
		4C4D88212205F32900AD7090 /* Products */ = {
			isa = PBXGroup;
			children = (
				4C4D88202205F32900AD7090 /* DoubleXP.app */,
				4C4D88372205F33200AD7090 /* DoubleXPTests.xctest */,
				4C4D88422205F33300AD7090 /* DoubleXPUITests.xctest */,
			);
			name = Products;
			sourceTree = "<group>";
		};
		4C4D88222205F32900AD7090 /* DoubleXP */ = {
			isa = PBXGroup;
			children = (
				4C4D88232205F32900AD7090 /* AppDelegate.swift */,
				4C4D88252205F32900AD7090 /* ViewController.swift */,
				4C4D88272205F32900AD7090 /* Main.storyboard */,
				4C4D882D2205F33200AD7090 /* Assets.xcassets */,
				4C4D882F2205F33200AD7090 /* LaunchScreen.storyboard */,
				4C4D88322205F33200AD7090 /* Info.plist */,
				4C4D882A2205F32900AD7090 /* DoubleXP.xcdatamodeld */,
			);
			path = DoubleXP;
			sourceTree = "<group>";
		};
		4C4D883A2205F33200AD7090 /* DoubleXPTests */ = {
			isa = PBXGroup;
			children = (
				4C4D883B2205F33200AD7090 /* DoubleXPTests.swift */,
				4C4D883D2205F33300AD7090 /* Info.plist */,
			);
			path = DoubleXPTests;
			sourceTree = "<group>";
		};
		4C4D88452205F33300AD7090 /* DoubleXPUITests */ = {
			isa = PBXGroup;
			children = (
				4C4D88462205F33300AD7090 /* DoubleXPUITests.swift */,
				4C4D88482205F33300AD7090 /* Info.plist */,
			);
			path = DoubleXPUITests;
			sourceTree = "<group>";
		};
/* End PBXGroup section */

/* Begin PBXNativeTarget section */
		4C4D881F2205F32900AD7090 /* DoubleXP */ = {
			isa = PBXNativeTarget;
			buildConfigurationList = 4C4D884B2205F33300AD7090 /* Build configuration list for PBXNativeTarget "DoubleXP" */;
			buildPhases = (
				4C4D881C2205F32900AD7090 /* Sources */,
				4C4D881D2205F32900AD7090 /* Frameworks */,
				4C4D881E2205F32900AD7090 /* Resources */,
			);
			buildRules = (
			);
			dependencies = (
			);
			name = DoubleXP;
			productName = DoubleXP;
			productReference = 4C4D88202205F32900AD7090 /* DoubleXP.app */;
			productType = "com.apple.product-type.application";
		};
		4C4D88362205F33200AD7090 /* DoubleXPTests */ = {
			isa = PBXNativeTarget;
			buildConfigurationList = 4C4D884E2205F33300AD7090 /* Build configuration list for PBXNativeTarget "DoubleXPTests" */;
			buildPhases = (
				4C4D88332205F33200AD7090 /* Sources */,
				4C4D88342205F33200AD7090 /* Frameworks */,
				4C4D88352205F33200AD7090 /* Resources */,
			);
			buildRules = (
			);
			dependencies = (
				4C4D88392205F33200AD7090 /* PBXTargetDependency */,
			);
			name = DoubleXPTests;
			productName = DoubleXPTests;
			productReference = 4C4D88372205F33200AD7090 /* DoubleXPTests.xctest */;
			productType = "com.apple.product-type.bundle.unit-test";
		};
		4C4D88412205F33300AD7090 /* DoubleXPUITests */ = {
			isa = PBXNativeTarget;
			buildConfigurationList = 4C4D88512205F33300AD7090 /* Build configuration list for PBXNativeTarget "DoubleXPUITests" */;
			buildPhases = (
				4C4D883E2205F33300AD7090 /* Sources */,
				4C4D883F2205F33300AD7090 /* Frameworks */,
				4C4D88402205F33300AD7090 /* Resources */,
			);
			buildRules = (
			);
			dependencies = (
				4C4D88442205F33300AD7090 /* PBXTargetDependency */,
			);
			name = DoubleXPUITests;
			productName = DoubleXPUITests;
			productReference = 4C4D88422205F33300AD7090 /* DoubleXPUITests.xctest */;
			productType = "com.apple.product-type.bundle.ui-testing";
		};
/* End PBXNativeTarget section */

/* Begin PBXProject section */
		4C4D88182205F32900AD7090 /* Project object */ = {
			isa = PBXProject;
			attributes = {
				LastSwiftUpdateCheck = 1000;
				LastUpgradeCheck = 1000;
				ORGANIZATIONNAME = "Peterson, Toussaint";
				TargetAttributes = {
					4C4D881F2205F32900AD7090 = {
						CreatedOnToolsVersion = 10.0;
					};
					4C4D88362205F33200AD7090 = {
						CreatedOnToolsVersion = 10.0;
						TestTargetID = 4C4D881F2205F32900AD7090;
					};
					4C4D88412205F33300AD7090 = {
						CreatedOnToolsVersion = 10.0;
						TestTargetID = 4C4D881F2205F32900AD7090;
					};
				};
			};
			buildConfigurationList = 4C4D881B2205F32900AD7090 /* Build configuration list for PBXProject "DoubleXP" */;
			compatibilityVersion = "Xcode 9.3";
			developmentRegion = en;
			hasScannedForEncodings = 0;
			knownRegions = (
				en,
				Base,
			);
			mainGroup = 4C4D88172205F32900AD7090;
			productRefGroup = 4C4D88212205F32900AD7090 /* Products */;
			projectDirPath = "";
			projectRoot = "";
			targets = (
				4C4D881F2205F32900AD7090 /* DoubleXP */,
				4C4D88362205F33200AD7090 /* DoubleXPTests */,
				4C4D88412205F33300AD7090 /* DoubleXPUITests */,
			);
		};
/* End PBXProject section */

/* Begin PBXResourcesBuildPhase section */
		4C4D881E2205F32900AD7090 /* Resources */ = {
			isa = PBXResourcesBuildPhase;
			buildActionMask = 2147483647;
			files = (
				4C4D88312205F33200AD7090 /* LaunchScreen.storyboard in Resources */,
				4C4D882E2205F33200AD7090 /* Assets.xcassets in Resources */,
				4C4D88292205F32900AD7090 /* Main.storyboard in Resources */,
			);
			runOnlyForDeploymentPostprocessing = 0;
		};
		4C4D88352205F33200AD7090 /* Resources */ = {
			isa = PBXResourcesBuildPhase;
			buildActionMask = 2147483647;
			files = (
			);
			runOnlyForDeploymentPostprocessing = 0;
		};
		4C4D88402205F33300AD7090 /* Resources */ = {
			isa = PBXResourcesBuildPhase;
			buildActionMask = 2147483647;
			files = (
			);
			runOnlyForDeploymentPostprocessing = 0;
		};
/* End PBXResourcesBuildPhase section */

/* Begin PBXSourcesBuildPhase section */
		4C4D881C2205F32900AD7090 /* Sources */ = {
			isa = PBXSourcesBuildPhase;
			buildActionMask = 2147483647;
			files = (
				4C4D88262205F32900AD7090 /* ViewController.swift in Sources */,
				4C4D88242205F32900AD7090 /* AppDelegate.swift in Sources */,
				4C4D882C2205F32900AD7090 /* DoubleXP.xcdatamodeld in Sources */,
			);
			runOnlyForDeploymentPostprocessing = 0;
		};
		4C4D88332205F33200AD7090 /* Sources */ = {
			isa = PBXSourcesBuildPhase;
			buildActionMask = 2147483647;
			files = (
				4C4D883C2205F33200AD7090 /* DoubleXPTests.swift in Sources */,
			);
			runOnlyForDeploymentPostprocessing = 0;
		};
		4C4D883E2205F33300AD7090 /* Sources */ = {
			isa = PBXSourcesBuildPhase;
			buildActionMask = 2147483647;
			files = (
				4C4D88472205F33300AD7090 /* DoubleXPUITests.swift in Sources */,
			);
			runOnlyForDeploymentPostprocessing = 0;
		};
/* End PBXSourcesBuildPhase section */

/* Begin PBXTargetDependency section */
		4C4D88392205F33200AD7090 /* PBXTargetDependency */ = {
			isa = PBXTargetDependency;
			target = 4C4D881F2205F32900AD7090 /* DoubleXP */;
			targetProxy = 4C4D88382205F33200AD7090 /* PBXContainerItemProxy */;
		};
		4C4D88442205F33300AD7090 /* PBXTargetDependency */ = {
			isa = PBXTargetDependency;
			target = 4C4D881F2205F32900AD7090 /* DoubleXP */;
			targetProxy = 4C4D88432205F33300AD7090 /* PBXContainerItemProxy */;
		};
/* End PBXTargetDependency section */

/* Begin PBXVariantGroup section */
		4C4D88272205F32900AD7090 /* Main.storyboard */ = {
			isa = PBXVariantGroup;
			children = (
				4C4D88282205F32900AD7090 /* Base */,
			);
			name = Main.storyboard;
			sourceTree = "<group>";
		};
		4C4D882F2205F33200AD7090 /* LaunchScreen.storyboard */ = {
			isa = PBXVariantGroup;
			children = (
				4C4D88302205F33200AD7090 /* Base */,
			);
			name = LaunchScreen.storyboard;
			sourceTree = "<group>";
		};
/* End PBXVariantGroup section */

/* Begin XCBuildConfiguration section */
		4C4D88492205F33300AD7090 /* Debug */ = {
			isa = XCBuildConfiguration;
			buildSettings = {
				ALWAYS_SEARCH_USER_PATHS = NO;
				CLANG_ANALYZER_NONNULL = YES;
				CLANG_ANALYZER_NUMBER_OBJECT_CONVERSION = YES_AGGRESSIVE;
				CLANG_CXX_LANGUAGE_STANDARD = "gnu++14";
				CLANG_CXX_LIBRARY = "libc++";
				CLANG_ENABLE_MODULES = YES;
				CLANG_ENABLE_OBJC_ARC = YES;
				CLANG_ENABLE_OBJC_WEAK = YES;
				CLANG_WARN_BLOCK_CAPTURE_AUTORELEASING = YES;
				CLANG_WARN_BOOL_CONVERSION = YES;
				CLANG_WARN_COMMA = YES;
				CLANG_WARN_CONSTANT_CONVERSION = YES;
				CLANG_WARN_DEPRECATED_OBJC_IMPLEMENTATIONS = YES;
				CLANG_WARN_DIRECT_OBJC_ISA_USAGE = YES_ERROR;
				CLANG_WARN_DOCUMENTATION_COMMENTS = YES;
				CLANG_WARN_EMPTY_BODY = YES;
				CLANG_WARN_ENUM_CONVERSION = YES;
				CLANG_WARN_INFINITE_RECURSION = YES;
				CLANG_WARN_INT_CONVERSION = YES;
				CLANG_WARN_NON_LITERAL_NULL_CONVERSION = YES;
				CLANG_WARN_OBJC_IMPLICIT_RETAIN_SELF = YES;
				CLANG_WARN_OBJC_LITERAL_CONVERSION = YES;
				CLANG_WARN_OBJC_ROOT_CLASS = YES_ERROR;
				CLANG_WARN_RANGE_LOOP_ANALYSIS = YES;
				CLANG_WARN_STRICT_PROTOTYPES = YES;
				CLANG_WARN_SUSPICIOUS_MOVE = YES;
				CLANG_WARN_UNGUARDED_AVAILABILITY = YES_AGGRESSIVE;
				CLANG_WARN_UNREACHABLE_CODE = YES;
				CLANG_WARN__DUPLICATE_METHOD_MATCH = YES;
				CODE_SIGN_IDENTITY = "iPhone Developer";
				COPY_PHASE_STRIP = NO;
				DEBUG_INFORMATION_FORMAT = dwarf;
				ENABLE_STRICT_OBJC_MSGSEND = YES;
				ENABLE_TESTABILITY = YES;
				GCC_C_LANGUAGE_STANDARD = gnu11;
				GCC_DYNAMIC_NO_PIC = NO;
				GCC_NO_COMMON_BLOCKS = YES;
				GCC_OPTIMIZATION_LEVEL = 0;
				GCC_PREPROCESSOR_DEFINITIONS = (
					"DEBUG=1",
					"$(inherited)",
				);
				GCC_WARN_64_TO_32_BIT_CONVERSION = YES;
				GCC_WARN_ABOUT_RETURN_TYPE = YES_ERROR;
				GCC_WARN_UNDECLARED_SELECTOR = YES;
				GCC_WARN_UNINITIALIZED_AUTOS = YES_AGGRESSIVE;
				GCC_WARN_UNUSED_FUNCTION = YES;
				GCC_WARN_UNUSED_VARIABLE = YES;
				IPHONEOS_DEPLOYMENT_TARGET = 12.0;
				MTL_ENABLE_DEBUG_INFO = INCLUDE_SOURCE;
				MTL_FAST_MATH = YES;
				ONLY_ACTIVE_ARCH = YES;
				SDKROOT = iphoneos;
				SWIFT_ACTIVE_COMPILATION_CONDITIONS = DEBUG;
				SWIFT_OPTIMIZATION_LEVEL = "-Onone";
			};
			name = Debug;
		};
		4C4D884A2205F33300AD7090 /* Release */ = {
			isa = XCBuildConfiguration;
			buildSettings = {
				ALWAYS_SEARCH_USER_PATHS = NO;
				CLANG_ANALYZER_NONNULL = YES;
				CLANG_ANALYZER_NUMBER_OBJECT_CONVERSION = YES_AGGRESSIVE;
				CLANG_CXX_LANGUAGE_STANDARD = "gnu++14";
				CLANG_CXX_LIBRARY = "libc++";
				CLANG_ENABLE_MODULES = YES;
				CLANG_ENABLE_OBJC_ARC = YES;
				CLANG_ENABLE_OBJC_WEAK = YES;
				CLANG_WARN_BLOCK_CAPTURE_AUTORELEASING = YES;
				CLANG_WARN_BOOL_CONVERSION = YES;
				CLANG_WARN_COMMA = YES;
				CLANG_WARN_CONSTANT_CONVERSION = YES;
				CLANG_WARN_DEPRECATED_OBJC_IMPLEMENTATIONS = YES;
				CLANG_WARN_DIRECT_OBJC_ISA_USAGE = YES_ERROR;
				CLANG_WARN_DOCUMENTATION_COMMENTS = YES;
				CLANG_WARN_EMPTY_BODY = YES;
				CLANG_WARN_ENUM_CONVERSION = YES;
				CLANG_WARN_INFINITE_RECURSION = YES;
				CLANG_WARN_INT_CONVERSION = YES;
				CLANG_WARN_NON_LITERAL_NULL_CONVERSION = YES;
				CLANG_WARN_OBJC_IMPLICIT_RETAIN_SELF = YES;
				CLANG_WARN_OBJC_LITERAL_CONVERSION = YES;
				CLANG_WARN_OBJC_ROOT_CLASS = YES_ERROR;
				CLANG_WARN_RANGE_LOOP_ANALYSIS = YES;
				CLANG_WARN_STRICT_PROTOTYPES = YES;
				CLANG_WARN_SUSPICIOUS_MOVE = YES;
				CLANG_WARN_UNGUARDED_AVAILABILITY = YES_AGGRESSIVE;
				CLANG_WARN_UNREACHABLE_CODE = YES;
				CLANG_WARN__DUPLICATE_METHOD_MATCH = YES;
				CODE_SIGN_IDENTITY = "iPhone Developer";
				COPY_PHASE_STRIP = NO;
				DEBUG_INFORMATION_FORMAT = "dwarf-with-dsym";
				ENABLE_NS_ASSERTIONS = NO;
				ENABLE_STRICT_OBJC_MSGSEND = YES;
				GCC_C_LANGUAGE_STANDARD = gnu11;
				GCC_NO_COMMON_BLOCKS = YES;
				GCC_WARN_64_TO_32_BIT_CONVERSION = YES;
				GCC_WARN_ABOUT_RETURN_TYPE = YES_ERROR;
				GCC_WARN_UNDECLARED_SELECTOR = YES;
				GCC_WARN_UNINITIALIZED_AUTOS = YES_AGGRESSIVE;
				GCC_WARN_UNUSED_FUNCTION = YES;
				GCC_WARN_UNUSED_VARIABLE = YES;
				IPHONEOS_DEPLOYMENT_TARGET = 12.0;
				MTL_ENABLE_DEBUG_INFO = NO;
				MTL_FAST_MATH = YES;
				SDKROOT = iphoneos;
				SWIFT_COMPILATION_MODE = wholemodule;
				SWIFT_OPTIMIZATION_LEVEL = "-O";
				VALIDATE_PRODUCT = YES;
			};
			name = Release;
		};
		4C4D884C2205F33300AD7090 /* Debug */ = {
			isa = XCBuildConfiguration;
			buildSettings = {
				ASSETCATALOG_COMPILER_APPICON_NAME = AppIcon;
				CODE_SIGN_STYLE = Automatic;
				DEVELOPMENT_TEAM = GU6KL76XP4;
				INFOPLIST_FILE = DoubleXP/Info.plist;
				LD_RUNPATH_SEARCH_PATHS = (
					"$(inherited)",
					"@executable_path/Frameworks",
				);
				PRODUCT_BUNDLE_IDENTIFIER = Encrypted.DoubleXP;
				PRODUCT_NAME = "$(TARGET_NAME)";
				SWIFT_VERSION = 4.2;
				TARGETED_DEVICE_FAMILY = "1,2";
			};
			name = Debug;
		};
		4C4D884D2205F33300AD7090 /* Release */ = {
			isa = XCBuildConfiguration;
			buildSettings = {
				ASSETCATALOG_COMPILER_APPICON_NAME = AppIcon;
				CODE_SIGN_STYLE = Automatic;
				DEVELOPMENT_TEAM = GU6KL76XP4;
				INFOPLIST_FILE = DoubleXP/Info.plist;
				LD_RUNPATH_SEARCH_PATHS = (
					"$(inherited)",
					"@executable_path/Frameworks",
				);
				PRODUCT_BUNDLE_IDENTIFIER = Encrypted.DoubleXP;
				PRODUCT_NAME = "$(TARGET_NAME)";
				SWIFT_VERSION = 4.2;
				TARGETED_DEVICE_FAMILY = "1,2";
			};
			name = Release;
		};
		4C4D884F2205F33300AD7090 /* Debug */ = {
			isa = XCBuildConfiguration;
			buildSettings = {
				ALWAYS_EMBED_SWIFT_STANDARD_LIBRARIES = YES;
				BUNDLE_LOADER = "$(TEST_HOST)";
				CODE_SIGN_STYLE = Automatic;
				DEVELOPMENT_TEAM = GU6KL76XP4;
				INFOPLIST_FILE = DoubleXPTests/Info.plist;
				LD_RUNPATH_SEARCH_PATHS = (
					"$(inherited)",
					"@executable_path/Frameworks",
					"@loader_path/Frameworks",
				);
				PRODUCT_BUNDLE_IDENTIFIER = Encrypted.DoubleXPTests;
				PRODUCT_NAME = "$(TARGET_NAME)";
				SWIFT_VERSION = 4.2;
				TARGETED_DEVICE_FAMILY = "1,2";
				TEST_HOST = "$(BUILT_PRODUCTS_DIR)/DoubleXP.app/DoubleXP";
			};
			name = Debug;
		};
		4C4D88502205F33300AD7090 /* Release */ = {
			isa = XCBuildConfiguration;
			buildSettings = {
				ALWAYS_EMBED_SWIFT_STANDARD_LIBRARIES = YES;
				BUNDLE_LOADER = "$(TEST_HOST)";
				CODE_SIGN_STYLE = Automatic;
				DEVELOPMENT_TEAM = GU6KL76XP4;
				INFOPLIST_FILE = DoubleXPTests/Info.plist;
				LD_RUNPATH_SEARCH_PATHS = (
					"$(inherited)",
					"@executable_path/Frameworks",
					"@loader_path/Frameworks",
				);
				PRODUCT_BUNDLE_IDENTIFIER = Encrypted.DoubleXPTests;
				PRODUCT_NAME = "$(TARGET_NAME)";
				SWIFT_VERSION = 4.2;
				TARGETED_DEVICE_FAMILY = "1,2";
				TEST_HOST = "$(BUILT_PRODUCTS_DIR)/DoubleXP.app/DoubleXP";
			};
			name = Release;
		};
		4C4D88522205F33300AD7090 /* Debug */ = {
			isa = XCBuildConfiguration;
			buildSettings = {
				ALWAYS_EMBED_SWIFT_STANDARD_LIBRARIES = YES;
				CODE_SIGN_STYLE = Automatic;
				DEVELOPMENT_TEAM = GU6KL76XP4;
				INFOPLIST_FILE = DoubleXPUITests/Info.plist;
				LD_RUNPATH_SEARCH_PATHS = (
					"$(inherited)",
					"@executable_path/Frameworks",
					"@loader_path/Frameworks",
				);
				PRODUCT_BUNDLE_IDENTIFIER = Encrypted.DoubleXPUITests;
				PRODUCT_NAME = "$(TARGET_NAME)";
				SWIFT_VERSION = 4.2;
				TARGETED_DEVICE_FAMILY = "1,2";
				TEST_TARGET_NAME = DoubleXP;
			};
			name = Debug;
		};
		4C4D88532205F33300AD7090 /* Release */ = {
			isa = XCBuildConfiguration;
			buildSettings = {
				ALWAYS_EMBED_SWIFT_STANDARD_LIBRARIES = YES;
				CODE_SIGN_STYLE = Automatic;
				DEVELOPMENT_TEAM = GU6KL76XP4;
				INFOPLIST_FILE = DoubleXPUITests/Info.plist;
				LD_RUNPATH_SEARCH_PATHS = (
					"$(inherited)",
					"@executable_path/Frameworks",
					"@loader_path/Frameworks",
				);
				PRODUCT_BUNDLE_IDENTIFIER = Encrypted.DoubleXPUITests;
				PRODUCT_NAME = "$(TARGET_NAME)";
				SWIFT_VERSION = 4.2;
				TARGETED_DEVICE_FAMILY = "1,2";
				TEST_TARGET_NAME = DoubleXP;
			};
			name = Release;
		};
/* End XCBuildConfiguration section */

/* Begin XCConfigurationList section */
		4C4D881B2205F32900AD7090 /* Build configuration list for PBXProject "DoubleXP" */ = {
			isa = XCConfigurationList;
			buildConfigurations = (
				4C4D88492205F33300AD7090 /* Debug */,
				4C4D884A2205F33300AD7090 /* Release */,
			);
			defaultConfigurationIsVisible = 0;
			defaultConfigurationName = Release;
		};
		4C4D884B2205F33300AD7090 /* Build configuration list for PBXNativeTarget "DoubleXP" */ = {
			isa = XCConfigurationList;
			buildConfigurations = (
				4C4D884C2205F33300AD7090 /* Debug */,
				4C4D884D2205F33300AD7090 /* Release */,
			);
			defaultConfigurationIsVisible = 0;
			defaultConfigurationName = Release;
		};
		4C4D884E2205F33300AD7090 /* Build configuration list for PBXNativeTarget "DoubleXPTests" */ = {
			isa = XCConfigurationList;
			buildConfigurations = (
				4C4D884F2205F33300AD7090 /* Debug */,
				4C4D88502205F33300AD7090 /* Release */,
			);
			defaultConfigurationIsVisible = 0;
			defaultConfigurationName = Release;
		};
		4C4D88512205F33300AD7090 /* Build configuration list for PBXNativeTarget "DoubleXPUITests" */ = {
			isa = XCConfigurationList;
			buildConfigurations = (
				4C4D88522205F33300AD7090 /* Debug */,
				4C4D88532205F33300AD7090 /* Release */,
			);
			defaultConfigurationIsVisible = 0;
			defaultConfigurationName = Release;
		};
/* End XCConfigurationList section */

/* Begin XCVersionGroup section */
		4C4D882A2205F32900AD7090 /* DoubleXP.xcdatamodeld */ = {
			isa = XCVersionGroup;
			children = (
				4C4D882B2205F32900AD7090 /* DoubleXP.xcdatamodel */,
			);
			currentVersion = 4C4D882B2205F32900AD7090 /* DoubleXP.xcdatamodel */;
			path = DoubleXP.xcdatamodeld;
			sourceTree = "<group>";
			versionGroupType = wrapper.xcdatamodel;
		};
/* End XCVersionGroup section */
	};
	rootObject = 4C4D88182205F32900AD7090 /* Project object */;
}
